// !$*UTF8*$!
{
	archiveVersion = 1;
	classes = {
	};
	objectVersion = 46;
	objects = {

/* Begin PBXBuildFile section */
		9596D94F2017FD0E00D5BC04 /* main.cpp in Sources */ = {isa = PBXBuildFile; fileRef = 9596D94E2017FD0E00D5BC04 /* main.cpp */; };
		9596D9562017FD7800D5BC04 /* OpenGL.framework in Frameworks */ = {isa = PBXBuildFile; fileRef = 9596D9552017FD7800D5BC04 /* OpenGL.framework */; };
		9596D9582017FD9100D5BC04 /* SDL2.framework in Frameworks */ = {isa = PBXBuildFile; fileRef = 9596D9572017FD9100D5BC04 /* SDL2.framework */; };
		9596D967201808F500D5BC04 /* GeoFloat.cpp in Sources */ = {isa = PBXBuildFile; fileRef = 9596D95D201808F500D5BC04 /* GeoFloat.cpp */; };
		9596D968201808F500D5BC04 /* GeoMatrix.cpp in Sources */ = {isa = PBXBuildFile; fileRef = 9596D95F201808F500D5BC04 /* GeoMatrix.cpp */; };
		9596D96A201808F500D5BC04 /* GeoQuaternion.cpp in Sources */ = {isa = PBXBuildFile; fileRef = 9596D963201808F500D5BC04 /* GeoQuaternion.cpp */; };
		9596D96B201808F500D5BC04 /* GeoVector.cpp in Sources */ = {isa = PBXBuildFile; fileRef = 9596D965201808F500D5BC04 /* GeoVector.cpp */; };
		9596D9792018145D00D5BC04 /* cylinder.cpp in Sources */ = {isa = PBXBuildFile; fileRef = 9596D96F2018145D00D5BC04 /* cylinder.cpp */; };
		9596D97A2018145D00D5BC04 /* cube.cpp in Sources */ = {isa = PBXBuildFile; fileRef = 9596D9712018145D00D5BC04 /* cube.cpp */; };
		9596D97B2018145D00D5BC04 /* quad.cpp in Sources */ = {isa = PBXBuildFile; fileRef = 9596D9732018145D00D5BC04 /* quad.cpp */; };
		9596D97C2018145D00D5BC04 /* triangle.cpp in Sources */ = {isa = PBXBuildFile; fileRef = 9596D9752018145D00D5BC04 /* triangle.cpp */; };
		9596D97D2018145D00D5BC04 /* shape.cpp in Sources */ = {isa = PBXBuildFile; fileRef = 9596D9772018145D00D5BC04 /* shape.cpp */; };
/* End PBXBuildFile section */

/* Begin PBXCopyFilesBuildPhase section */
		9596D9492017FD0E00D5BC04 /* CopyFiles */ = {
			isa = PBXCopyFilesBuildPhase;
			buildActionMask = 2147483647;
			dstPath = /usr/share/man/man1/;
			dstSubfolderSpec = 0;
			files = (
			);
			runOnlyForDeploymentPostprocessing = 1;
		};
/* End PBXCopyFilesBuildPhase section */

/* Begin PBXFileReference section */
		9596D94B2017FD0E00D5BC04 /* volley */ = {isa = PBXFileReference; explicitFileType = "compiled.mach-o.executable"; includeInIndex = 0; path = volley; sourceTree = BUILT_PRODUCTS_DIR; };
		9596D94E2017FD0E00D5BC04 /* main.cpp */ = {isa = PBXFileReference; lastKnownFileType = sourcecode.cpp.cpp; path = main.cpp; sourceTree = "<group>"; };
		9596D9552017FD7800D5BC04 /* OpenGL.framework */ = {isa = PBXFileReference; lastKnownFileType = wrapper.framework; name = OpenGL.framework; path = System/Library/Frameworks/OpenGL.framework; sourceTree = SDKROOT; };
		9596D9572017FD9100D5BC04 /* SDL2.framework */ = {isa = PBXFileReference; lastKnownFileType = wrapper.framework; name = SDL2.framework; path = ../../../../Library/Frameworks/SDL2.framework; sourceTree = "<group>"; };
		9596D95D201808F500D5BC04 /* GeoFloat.cpp */ = {isa = PBXFileReference; fileEncoding = 4; lastKnownFileType = sourcecode.cpp.cpp; name = GeoFloat.cpp; path = geo/GeoFloat.cpp; sourceTree = SOURCE_ROOT; };
		9596D95E201808F500D5BC04 /* GeoFloat.h */ = {isa = PBXFileReference; fileEncoding = 4; lastKnownFileType = sourcecode.c.h; name = GeoFloat.h; path = geo/GeoFloat.h; sourceTree = SOURCE_ROOT; };
		9596D95F201808F500D5BC04 /* GeoMatrix.cpp */ = {isa = PBXFileReference; fileEncoding = 4; lastKnownFileType = sourcecode.cpp.cpp; name = GeoMatrix.cpp; path = geo/GeoMatrix.cpp; sourceTree = SOURCE_ROOT; };
		9596D960201808F500D5BC04 /* GeoMatrix.h */ = {isa = PBXFileReference; fileEncoding = 4; lastKnownFileType = sourcecode.c.h; name = GeoMatrix.h; path = geo/GeoMatrix.h; sourceTree = SOURCE_ROOT; };
		9596D963201808F500D5BC04 /* GeoQuaternion.cpp */ = {isa = PBXFileReference; fileEncoding = 4; lastKnownFileType = sourcecode.cpp.cpp; name = GeoQuaternion.cpp; path = geo/GeoQuaternion.cpp; sourceTree = SOURCE_ROOT; };
		9596D964201808F500D5BC04 /* GeoQuaternion.h */ = {isa = PBXFileReference; fileEncoding = 4; lastKnownFileType = sourcecode.c.h; name = GeoQuaternion.h; path = geo/GeoQuaternion.h; sourceTree = SOURCE_ROOT; };
		9596D965201808F500D5BC04 /* GeoVector.cpp */ = {isa = PBXFileReference; fileEncoding = 4; lastKnownFileType = sourcecode.cpp.cpp; name = GeoVector.cpp; path = geo/GeoVector.cpp; sourceTree = SOURCE_ROOT; };
		9596D966201808F500D5BC04 /* GeoVector.h */ = {isa = PBXFileReference; fileEncoding = 4; lastKnownFileType = sourcecode.c.h; name = GeoVector.h; path = geo/GeoVector.h; sourceTree = SOURCE_ROOT; };
		9596D96D20180A9F00D5BC04 /* IStringable.h */ = {isa = PBXFileReference; fileEncoding = 4; lastKnownFileType = sourcecode.c.h; name = IStringable.h; path = interfaces/IStringable.h; sourceTree = SOURCE_ROOT; };
		9596D96F2018145D00D5BC04 /* cylinder.cpp */ = {isa = PBXFileReference; fileEncoding = 4; lastKnownFileType = sourcecode.cpp.cpp; name = cylinder.cpp; path = shapes/cylinder.cpp; sourceTree = SOURCE_ROOT; };
		9596D9702018145D00D5BC04 /* cylinder.h */ = {isa = PBXFileReference; fileEncoding = 4; lastKnownFileType = sourcecode.c.h; name = cylinder.h; path = shapes/cylinder.h; sourceTree = SOURCE_ROOT; };
		9596D9712018145D00D5BC04 /* cube.cpp */ = {isa = PBXFileReference; fileEncoding = 4; lastKnownFileType = sourcecode.cpp.cpp; name = cube.cpp; path = shapes/cube.cpp; sourceTree = SOURCE_ROOT; };
		9596D9722018145D00D5BC04 /* cube.h */ = {isa = PBXFileReference; fileEncoding = 4; lastKnownFileType = sourcecode.c.h; name = cube.h; path = shapes/cube.h; sourceTree = SOURCE_ROOT; };
		9596D9732018145D00D5BC04 /* quad.cpp */ = {isa = PBXFileReference; fileEncoding = 4; lastKnownFileType = sourcecode.cpp.cpp; name = quad.cpp; path = shapes/quad.cpp; sourceTree = SOURCE_ROOT; };
		9596D9742018145D00D5BC04 /* quad.h */ = {isa = PBXFileReference; fileEncoding = 4; lastKnownFileType = sourcecode.c.h; name = quad.h; path = shapes/quad.h; sourceTree = SOURCE_ROOT; };
		9596D9752018145D00D5BC04 /* triangle.cpp */ = {isa = PBXFileReference; fileEncoding = 4; lastKnownFileType = sourcecode.cpp.cpp; name = triangle.cpp; path = shapes/triangle.cpp; sourceTree = SOURCE_ROOT; };
		9596D9762018145D00D5BC04 /* triangle.h */ = {isa = PBXFileReference; fileEncoding = 4; lastKnownFileType = sourcecode.c.h; name = triangle.h; path = shapes/triangle.h; sourceTree = SOURCE_ROOT; };
		9596D9772018145D00D5BC04 /* shape.cpp */ = {isa = PBXFileReference; fileEncoding = 4; lastKnownFileType = sourcecode.cpp.cpp; name = shape.cpp; path = shapes/shape.cpp; sourceTree = SOURCE_ROOT; };
		9596D9782018145D00D5BC04 /* shape.h */ = {isa = PBXFileReference; fileEncoding = 4; lastKnownFileType = sourcecode.c.h; name = shape.h; path = shapes/shape.h; sourceTree = SOURCE_ROOT; };
		9596D97F20182F2600D5BC04 /* triple.h */ = {isa = PBXFileReference; fileEncoding = 4; lastKnownFileType = sourcecode.c.h; name = triple.h; path = std/triple.h; sourceTree = SOURCE_ROOT; };
/* End PBXFileReference section */

/* Begin PBXFrameworksBuildPhase section */
		9596D9482017FD0E00D5BC04 /* Frameworks */ = {
			isa = PBXFrameworksBuildPhase;
			buildActionMask = 2147483647;
			files = (
				9596D9582017FD9100D5BC04 /* SDL2.framework in Frameworks */,
				9596D9562017FD7800D5BC04 /* OpenGL.framework in Frameworks */,
			);
			runOnlyForDeploymentPostprocessing = 0;
		};
/* End PBXFrameworksBuildPhase section */

/* Begin PBXGroup section */
		9596D9422017FD0E00D5BC04 = {
			isa = PBXGroup;
			children = (
				9596D9572017FD9100D5BC04 /* SDL2.framework */,
				9596D9552017FD7800D5BC04 /* OpenGL.framework */,
				9596D94D2017FD0E00D5BC04 /* volley */,
				9596D94C2017FD0E00D5BC04 /* Products */,
			);
			sourceTree = "<group>";
		};
		9596D94C2017FD0E00D5BC04 /* Products */ = {
			isa = PBXGroup;
			children = (
				9596D94B2017FD0E00D5BC04 /* volley */,
			);
			name = Products;
			sourceTree = "<group>";
		};
		9596D94D2017FD0E00D5BC04 /* volley */ = {
			isa = PBXGroup;
			children = (
				9596D97E20182F1700D5BC04 /* std */,
				9596D96E20180EB700D5BC04 /* shapes */,
				9596D96C20180A2D00D5BC04 /* interfaces */,
				9596D9592017FEF500D5BC04 /* geo */,
				9596D94E2017FD0E00D5BC04 /* main.cpp */,
			);
			path = volley;
			sourceTree = "<group>";
		};
		9596D9592017FEF500D5BC04 /* geo */ = {
			isa = PBXGroup;
			children = (
				9596D95D201808F500D5BC04 /* GeoFloat.cpp */,
				9596D95E201808F500D5BC04 /* GeoFloat.h */,
				9596D95F201808F500D5BC04 /* GeoMatrix.cpp */,
				9596D960201808F500D5BC04 /* GeoMatrix.h */,
				9596D963201808F500D5BC04 /* GeoQuaternion.cpp */,
				9596D964201808F500D5BC04 /* GeoQuaternion.h */,
				9596D965201808F500D5BC04 /* GeoVector.cpp */,
				9596D966201808F500D5BC04 /* GeoVector.h */,
			);
			name = geo;
			sourceTree = "<group>";
		};
		9596D96C20180A2D00D5BC04 /* interfaces */ = {
			isa = PBXGroup;
			children = (
				9596D96D20180A9F00D5BC04 /* IStringable.h */,
			);
			name = interfaces;
			sourceTree = "<group>";
		};
		9596D96E20180EB700D5BC04 /* shapes */ = {
			isa = PBXGroup;
			children = (
				9596D96F2018145D00D5BC04 /* cylinder.cpp */,
				9596D9702018145D00D5BC04 /* cylinder.h */,
				9596D9712018145D00D5BC04 /* cube.cpp */,
				9596D9722018145D00D5BC04 /* cube.h */,
				9596D9732018145D00D5BC04 /* quad.cpp */,
				9596D9742018145D00D5BC04 /* quad.h */,
				9596D9752018145D00D5BC04 /* triangle.cpp */,
				9596D9762018145D00D5BC04 /* triangle.h */,
				9596D9772018145D00D5BC04 /* shape.cpp */,
				9596D9782018145D00D5BC04 /* shape.h */,
			);
			name = shapes;
			sourceTree = "<group>";
		};
		9596D97E20182F1700D5BC04 /* std */ = {
			isa = PBXGroup;
			children = (
				9596D97F20182F2600D5BC04 /* triple.h */,
			);
			name = std;
			sourceTree = "<group>";
		};
/* End PBXGroup section */

/* Begin PBXNativeTarget section */
		9596D94A2017FD0E00D5BC04 /* volley */ = {
			isa = PBXNativeTarget;
			buildConfigurationList = 9596D9522017FD0E00D5BC04 /* Build configuration list for PBXNativeTarget "volley" */;
			buildPhases = (
				9596D9472017FD0E00D5BC04 /* Sources */,
				9596D9482017FD0E00D5BC04 /* Frameworks */,
				9596D9492017FD0E00D5BC04 /* CopyFiles */,
			);
			buildRules = (
			);
			dependencies = (
			);
			name = volley;
			productName = volley;
			productReference = 9596D94B2017FD0E00D5BC04 /* volley */;
			productType = "com.apple.product-type.tool";
		};
/* End PBXNativeTarget section */

/* Begin PBXProject section */
		9596D9432017FD0E00D5BC04 /* Project object */ = {
			isa = PBXProject;
			attributes = {
				LastUpgradeCheck = 0720;
				ORGANIZATIONNAME = "Misha Conway";
				TargetAttributes = {
					9596D94A2017FD0E00D5BC04 = {
						CreatedOnToolsVersion = 7.2.1;
					};
				};
			};
			buildConfigurationList = 9596D9462017FD0E00D5BC04 /* Build configuration list for PBXProject "volley" */;
			compatibilityVersion = "Xcode 3.2";
			developmentRegion = English;
			hasScannedForEncodings = 0;
			knownRegions = (
				en,
			);
			mainGroup = 9596D9422017FD0E00D5BC04;
			productRefGroup = 9596D94C2017FD0E00D5BC04 /* Products */;
			projectDirPath = "";
			projectRoot = "";
			targets = (
				9596D94A2017FD0E00D5BC04 /* volley */,
			);
		};
/* End PBXProject section */

/* Begin PBXSourcesBuildPhase section */
		9596D9472017FD0E00D5BC04 /* Sources */ = {
			isa = PBXSourcesBuildPhase;
			buildActionMask = 2147483647;
			files = (
				9596D96B201808F500D5BC04 /* GeoVector.cpp in Sources */,
				9596D968201808F500D5BC04 /* GeoMatrix.cpp in Sources */,
				9596D96A201808F500D5BC04 /* GeoQuaternion.cpp in Sources */,
				9596D9792018145D00D5BC04 /* cylinder.cpp in Sources */,
				9596D97C2018145D00D5BC04 /* triangle.cpp in Sources */,
				9596D97D2018145D00D5BC04 /* shape.cpp in Sources */,
				9596D97B2018145D00D5BC04 /* quad.cpp in Sources */,
				9596D967201808F500D5BC04 /* GeoFloat.cpp in Sources */,
				9596D94F2017FD0E00D5BC04 /* main.cpp in Sources */,
				9596D97A2018145D00D5BC04 /* cube.cpp in Sources */,
			);
			runOnlyForDeploymentPostprocessing = 0;
		};
/* End PBXSourcesBuildPhase section */

/* Begin XCBuildConfiguration section */
		9596D9502017FD0E00D5BC04 /* Debug */ = {
			isa = XCBuildConfiguration;
			buildSettings = {
				ALWAYS_SEARCH_USER_PATHS = NO;
				CLANG_CXX_LANGUAGE_STANDARD = "gnu++0x";
				CLANG_CXX_LIBRARY = "libc++";
				CLANG_ENABLE_MODULES = YES;
				CLANG_ENABLE_OBJC_ARC = YES;
				CLANG_WARN_BOOL_CONVERSION = YES;
				CLANG_WARN_CONSTANT_CONVERSION = YES;
				CLANG_WARN_DIRECT_OBJC_ISA_USAGE = YES_ERROR;
				CLANG_WARN_EMPTY_BODY = YES;
				CLANG_WARN_ENUM_CONVERSION = YES;
				CLANG_WARN_INT_CONVERSION = YES;
				CLANG_WARN_OBJC_ROOT_CLASS = YES_ERROR;
				CLANG_WARN_UNREACHABLE_CODE = YES;
				CLANG_WARN__DUPLICATE_METHOD_MATCH = YES;
				CODE_SIGN_IDENTITY = "-";
				COPY_PHASE_STRIP = NO;
				DEBUG_INFORMATION_FORMAT = dwarf;
				ENABLE_STRICT_OBJC_MSGSEND = YES;
				ENABLE_TESTABILITY = YES;
				GCC_C_LANGUAGE_STANDARD = gnu99;
				GCC_DYNAMIC_NO_PIC = NO;
				GCC_NO_COMMON_BLOCKS = YES;
				GCC_OPTIMIZATION_LEVEL = 0;
				GCC_PREPROCESSOR_DEFINITIONS = (
					"DEBUG=1",
					"$(inherited)",
				);
				GCC_WARN_64_TO_32_BIT_CONVERSION = YES;
				GCC_WARN_ABOUT_RETURN_TYPE = YES_ERROR;
				GCC_WARN_UNDECLARED_SELECTOR = YES;
				GCC_WARN_UNINITIALIZED_AUTOS = YES_AGGRESSIVE;
				GCC_WARN_UNUSED_FUNCTION = YES;
				GCC_WARN_UNUSED_VARIABLE = YES;
				MACOSX_DEPLOYMENT_TARGET = 10.10;
				MTL_ENABLE_DEBUG_INFO = YES;
				ONLY_ACTIVE_ARCH = YES;
				SDKROOT = macosx;
			};
			name = Debug;
		};
		9596D9512017FD0E00D5BC04 /* Release */ = {
			isa = XCBuildConfiguration;
			buildSettings = {
				ALWAYS_SEARCH_USER_PATHS = NO;
				CLANG_CXX_LANGUAGE_STANDARD = "gnu++0x";
				CLANG_CXX_LIBRARY = "libc++";
				CLANG_ENABLE_MODULES = YES;
				CLANG_ENABLE_OBJC_ARC = YES;
				CLANG_WARN_BOOL_CONVERSION = YES;
				CLANG_WARN_CONSTANT_CONVERSION = YES;
				CLANG_WARN_DIRECT_OBJC_ISA_USAGE = YES_ERROR;
				CLANG_WARN_EMPTY_BODY = YES;
				CLANG_WARN_ENUM_CONVERSION = YES;
				CLANG_WARN_INT_CONVERSION = YES;
				CLANG_WARN_OBJC_ROOT_CLASS = YES_ERROR;
				CLANG_WARN_UNREACHABLE_CODE = YES;
				CLANG_WARN__DUPLICATE_METHOD_MATCH = YES;
				CODE_SIGN_IDENTITY = "-";
				COPY_PHASE_STRIP = NO;
				DEBUG_INFORMATION_FORMAT = "dwarf-with-dsym";
				ENABLE_NS_ASSERTIONS = NO;
				ENABLE_STRICT_OBJC_MSGSEND = YES;
				GCC_C_LANGUAGE_STANDARD = gnu99;
				GCC_NO_COMMON_BLOCKS = YES;
				GCC_WARN_64_TO_32_BIT_CONVERSION = YES;
				GCC_WARN_ABOUT_RETURN_TYPE = YES_ERROR;
				GCC_WARN_UNDECLARED_SELECTOR = YES;
				GCC_WARN_UNINITIALIZED_AUTOS = YES_AGGRESSIVE;
				GCC_WARN_UNUSED_FUNCTION = YES;
				GCC_WARN_UNUSED_VARIABLE = YES;
				MACOSX_DEPLOYMENT_TARGET = 10.10;
				MTL_ENABLE_DEBUG_INFO = NO;
				SDKROOT = macosx;
			};
			name = Release;
		};
		9596D9532017FD0E00D5BC04 /* Debug */ = {
			isa = XCBuildConfiguration;
			buildSettings = {
				FRAMEWORK_SEARCH_PATHS = (
					"$(inherited)",
					"$(LOCAL_LIBRARY_DIR)/Frameworks",
				);
				PRODUCT_NAME = "$(TARGET_NAME)";
			};
			name = Debug;
		};
		9596D9542017FD0E00D5BC04 /* Release */ = {
			isa = XCBuildConfiguration;
			buildSettings = {
				FRAMEWORK_SEARCH_PATHS = (
					"$(inherited)",
					"$(LOCAL_LIBRARY_DIR)/Frameworks",
				);
				PRODUCT_NAME = "$(TARGET_NAME)";
			};
			name = Release;
		};
/* End XCBuildConfiguration section */

/* Begin XCConfigurationList section */
		9596D9462017FD0E00D5BC04 /* Build configuration list for PBXProject "volley" */ = {
			isa = XCConfigurationList;
			buildConfigurations = (
				9596D9502017FD0E00D5BC04 /* Debug */,
				9596D9512017FD0E00D5BC04 /* Release */,
			);
			defaultConfigurationIsVisible = 0;
			defaultConfigurationName = Release;
		};
		9596D9522017FD0E00D5BC04 /* Build configuration list for PBXNativeTarget "volley" */ = {
			isa = XCConfigurationList;
			buildConfigurations = (
				9596D9532017FD0E00D5BC04 /* Debug */,
				9596D9542017FD0E00D5BC04 /* Release */,
			);
			defaultConfigurationIsVisible = 0;
		};
/* End XCConfigurationList section */
	};
	rootObject = 9596D9432017FD0E00D5BC04 /* Project object */;
}
