// !$*UTF8*$!
{
	archiveVersion = 1;
	classes = {
	};
	objectVersion = 46;
	objects = {

/* Begin PBXBuildFile section */
		9542B6F520366B98002517F9 /* vertices.cpp in Sources */ = {isa = PBXBuildFile; fileRef = 9542B6F320366B98002517F9 /* vertices.cpp */; };
		9542B6FA2037C1D0002517F9 /* hud_camera.cpp in Sources */ = {isa = PBXBuildFile; fileRef = 9542B6F82037C1D0002517F9 /* hud_camera.cpp */; };
		9542B6FF203AD748002517F9 /* gaussian_blur.cpp in Sources */ = {isa = PBXBuildFile; fileRef = 9542B6FD203AD748002517F9 /* gaussian_blur.cpp */; };
		956A320A20252C5800857BC7 /* first_person_camera.cpp in Sources */ = {isa = PBXBuildFile; fileRef = 956A320820252C5800857BC7 /* first_person_camera.cpp */; };
		956A32122027932500857BC7 /* forward_renderer.cpp in Sources */ = {isa = PBXBuildFile; fileRef = 956A320E2027932500857BC7 /* forward_renderer.cpp */; };
		956A32132027932500857BC7 /* pass.cpp in Sources */ = {isa = PBXBuildFile; fileRef = 956A32102027932500857BC7 /* pass.cpp */; };
		956A32192029632000857BC7 /* lights.cpp in Sources */ = {isa = PBXBuildFile; fileRef = 956A32152029632000857BC7 /* lights.cpp */; };
		956A321A2029632000857BC7 /* node.cpp in Sources */ = {isa = PBXBuildFile; fileRef = 956A32172029632000857BC7 /* node.cpp */; };
		956A321D20296E6100857BC7 /* drawable.cpp in Sources */ = {isa = PBXBuildFile; fileRef = 956A321B20296E6100857BC7 /* drawable.cpp */; };
		958055EA2032956E003D3D04 /* tgen.cpp in Sources */ = {isa = PBXBuildFile; fileRef = 958055E82032956E003D3D04 /* tgen.cpp */; };
		9596D94F2017FD0E00D5BC04 /* main.cpp in Sources */ = {isa = PBXBuildFile; fileRef = 9596D94E2017FD0E00D5BC04 /* main.cpp */; };
		9596D9562017FD7800D5BC04 /* OpenGL.framework in Frameworks */ = {isa = PBXBuildFile; fileRef = 9596D9552017FD7800D5BC04 /* OpenGL.framework */; };
		9596D9582017FD9100D5BC04 /* SDL2.framework in Frameworks */ = {isa = PBXBuildFile; fileRef = 9596D9572017FD9100D5BC04 /* SDL2.framework */; };
		9596D967201808F500D5BC04 /* GeoFloat.cpp in Sources */ = {isa = PBXBuildFile; fileRef = 9596D95D201808F500D5BC04 /* GeoFloat.cpp */; };
		9596D968201808F500D5BC04 /* GeoMatrix.cpp in Sources */ = {isa = PBXBuildFile; fileRef = 9596D95F201808F500D5BC04 /* GeoMatrix.cpp */; };
		9596D96A201808F500D5BC04 /* GeoQuaternion.cpp in Sources */ = {isa = PBXBuildFile; fileRef = 9596D963201808F500D5BC04 /* GeoQuaternion.cpp */; };
		9596D96B201808F500D5BC04 /* GeoVector.cpp in Sources */ = {isa = PBXBuildFile; fileRef = 9596D965201808F500D5BC04 /* GeoVector.cpp */; };
		9596D9792018145D00D5BC04 /* cylinder.cpp in Sources */ = {isa = PBXBuildFile; fileRef = 9596D96F2018145D00D5BC04 /* cylinder.cpp */; };
		9596D97A2018145D00D5BC04 /* cube.cpp in Sources */ = {isa = PBXBuildFile; fileRef = 9596D9712018145D00D5BC04 /* cube.cpp */; };
		9596D97B2018145D00D5BC04 /* quad.cpp in Sources */ = {isa = PBXBuildFile; fileRef = 9596D9732018145D00D5BC04 /* quad.cpp */; };
		9596D97C2018145D00D5BC04 /* triangle.cpp in Sources */ = {isa = PBXBuildFile; fileRef = 9596D9752018145D00D5BC04 /* triangle.cpp */; };
		9596D97D2018145D00D5BC04 /* shape.cpp in Sources */ = {isa = PBXBuildFile; fileRef = 9596D9772018145D00D5BC04 /* shape.cpp */; };
		9596D98220195DCA00D5BC04 /* rounded_cube.cpp in Sources */ = {isa = PBXBuildFile; fileRef = 9596D98020195DCA00D5BC04 /* rounded_cube.cpp */; };
		9596D9852019A8D800D5BC04 /* sphere.cpp in Sources */ = {isa = PBXBuildFile; fileRef = 9596D9832019A8D800D5BC04 /* sphere.cpp */; };
		9596D9902019D13E00D5BC04 /* file_io.cpp in Sources */ = {isa = PBXBuildFile; fileRef = 9596D98E2019D13E00D5BC04 /* file_io.cpp */; };
		9596D9942019D4D600D5BC04 /* string_utils.cpp in Sources */ = {isa = PBXBuildFile; fileRef = 9596D9922019D4D600D5BC04 /* string_utils.cpp */; };
		9596D9AA201AB05500D5BC04 /* shader_program.cpp in Sources */ = {isa = PBXBuildFile; fileRef = 9596D9A2201AB05500D5BC04 /* shader_program.cpp */; };
		9596D9AD201AB05500D5BC04 /* shader.cpp in Sources */ = {isa = PBXBuildFile; fileRef = 9596D9A8201AB05500D5BC04 /* shader.cpp */; };
		9596D9B2201AE76F00D5BC04 /* IHasErrors.cpp in Sources */ = {isa = PBXBuildFile; fileRef = 9596D9AE201AE76F00D5BC04 /* IHasErrors.cpp */; };
		9596D9B3201AE76F00D5BC04 /* IValidatable.cpp in Sources */ = {isa = PBXBuildFile; fileRef = 9596D9B0201AE76F00D5BC04 /* IValidatable.cpp */; };
		9596D9B7201B02D300D5BC04 /* scene.cpp in Sources */ = {isa = PBXBuildFile; fileRef = 9596D9B5201B02D300D5BC04 /* scene.cpp */; };
		9596D9BB201B041B00D5BC04 /* shader_cache.cpp in Sources */ = {isa = PBXBuildFile; fileRef = 9596D9B9201B041B00D5BC04 /* shader_cache.cpp */; };
		9596D9BF201B1D3300D5BC04 /* camera.cpp in Sources */ = {isa = PBXBuildFile; fileRef = 9596D9BD201B1D3300D5BC04 /* camera.cpp */; };
		9596D9C3201B2DFD00D5BC04 /* texture.cpp in Sources */ = {isa = PBXBuildFile; fileRef = 9596D9C1201B2DFD00D5BC04 /* texture.cpp */; };
		9596D9C7201B300E00D5BC04 /* color.cpp in Sources */ = {isa = PBXBuildFile; fileRef = 9596D9C5201B300E00D5BC04 /* color.cpp */; };
		9596D9CB201B31F500D5BC04 /* device.cpp in Sources */ = {isa = PBXBuildFile; fileRef = 9596D9C9201B31F500D5BC04 /* device.cpp */; };
		9596D9CF201B345100D5BC04 /* capabilities.cpp in Sources */ = {isa = PBXBuildFile; fileRef = 9596D9CD201B345100D5BC04 /* capabilities.cpp */; };
		9596D9D3201B347700D5BC04 /* state_manager.cpp in Sources */ = {isa = PBXBuildFile; fileRef = 9596D9D1201B347700D5BC04 /* state_manager.cpp */; };
		9596D9D7201C11CD00D5BC04 /* buffer.cpp in Sources */ = {isa = PBXBuildFile; fileRef = 9596D9D6201C11CD00D5BC04 /* buffer.cpp */; };
		9596D9D9201C260500D5BC04 /* libGLEW.2.1.0.dylib in Frameworks */ = {isa = PBXBuildFile; fileRef = 9596D9D8201C260500D5BC04 /* libGLEW.2.1.0.dylib */; };
		9596D9DD201C27F000D5BC04 /* vertex_buffer.cpp in Sources */ = {isa = PBXBuildFile; fileRef = 9596D9DB201C27F000D5BC04 /* vertex_buffer.cpp */; };
		9596D9E2201DA2DA00D5BC04 /* render_target.cpp in Sources */ = {isa = PBXBuildFile; fileRef = 9596D9E0201DA2DA00D5BC04 /* render_target.cpp */; };
		9596D9E6201DAB1400D5BC04 /* texture_cache.cpp in Sources */ = {isa = PBXBuildFile; fileRef = 9596D9E4201DAB1400D5BC04 /* texture_cache.cpp */; };
		9596D9EE201E7F2800D5BC04 /* material.cpp in Sources */ = {isa = PBXBuildFile; fileRef = 9596D9EC201E7F2800D5BC04 /* material.cpp */; };
		9596D9F1201E92D500D5BC04 /* tangents.cpp in Sources */ = {isa = PBXBuildFile; fileRef = 9596D9EF201E92D500D5BC04 /* tangents.cpp */; };
		9596D9F4201E97AB00D5BC04 /* debug_lines.cpp in Sources */ = {isa = PBXBuildFile; fileRef = 9596D9F2201E97AB00D5BC04 /* debug_lines.cpp */; };
/* End PBXBuildFile section */

/* Begin PBXCopyFilesBuildPhase section */
		9596D9492017FD0E00D5BC04 /* CopyFiles */ = {
			isa = PBXCopyFilesBuildPhase;
			buildActionMask = 2147483647;
			dstPath = /usr/share/man/man1/;
			dstSubfolderSpec = 0;
			files = (
			);
			runOnlyForDeploymentPostprocessing = 1;
		};
/* End PBXCopyFilesBuildPhase section */

/* Begin PBXFileReference section */
		9542B6F320366B98002517F9 /* vertices.cpp */ = {isa = PBXFileReference; fileEncoding = 4; lastKnownFileType = sourcecode.cpp.cpp; name = vertices.cpp; path = shapes/vertices.cpp; sourceTree = SOURCE_ROOT; };
		9542B6F420366B98002517F9 /* vertices.h */ = {isa = PBXFileReference; fileEncoding = 4; lastKnownFileType = sourcecode.c.h; name = vertices.h; path = shapes/vertices.h; sourceTree = SOURCE_ROOT; };
		9542B6F62037AD8C002517F9 /* hud.vert */ = {isa = PBXFileReference; fileEncoding = 4; lastKnownFileType = sourcecode.glsl; name = hud.vert; path = shaders/vertex/hud.vert; sourceTree = SOURCE_ROOT; };
		9542B6F72037ADC1002517F9 /* hud.frag */ = {isa = PBXFileReference; fileEncoding = 4; lastKnownFileType = sourcecode.glsl; name = hud.frag; path = shaders/pixel/hud.frag; sourceTree = SOURCE_ROOT; };
		9542B6F82037C1D0002517F9 /* hud_camera.cpp */ = {isa = PBXFileReference; fileEncoding = 4; lastKnownFileType = sourcecode.cpp.cpp; name = hud_camera.cpp; path = scenes/camera/hud_camera.cpp; sourceTree = SOURCE_ROOT; };
		9542B6F92037C1D0002517F9 /* hud_camera.h */ = {isa = PBXFileReference; fileEncoding = 4; lastKnownFileType = sourcecode.c.h; name = hud_camera.h; path = scenes/camera/hud_camera.h; sourceTree = SOURCE_ROOT; };
		9542B6FD203AD748002517F9 /* gaussian_blur.cpp */ = {isa = PBXFileReference; fileEncoding = 4; lastKnownFileType = sourcecode.cpp.cpp; name = gaussian_blur.cpp; path = post_processing/blur/gaussian_blur.cpp; sourceTree = SOURCE_ROOT; };
		9542B6FE203AD748002517F9 /* gaussian_blur.h */ = {isa = PBXFileReference; fileEncoding = 4; lastKnownFileType = sourcecode.c.h; name = gaussian_blur.h; path = post_processing/blur/gaussian_blur.h; sourceTree = SOURCE_ROOT; };
		9542B700203AD764002517F9 /* edge_detection.h */ = {isa = PBXFileReference; fileEncoding = 4; lastKnownFileType = sourcecode.c.h; name = edge_detection.h; path = shaders/pixel/includes/edge_detection.h; sourceTree = SOURCE_ROOT; };
		9542B701203AD772002517F9 /* edge_detect.frag */ = {isa = PBXFileReference; fileEncoding = 4; lastKnownFileType = sourcecode.glsl; name = edge_detect.frag; path = shaders/pixel/edge_detect.frag; sourceTree = SOURCE_ROOT; };
		9542B702203AD781002517F9 /* simple.vert */ = {isa = PBXFileReference; fileEncoding = 4; lastKnownFileType = sourcecode.glsl; name = simple.vert; path = shaders/vertex/simple.vert; sourceTree = SOURCE_ROOT; };
		9542B703203BD8F6002517F9 /* normals.frag */ = {isa = PBXFileReference; fileEncoding = 4; lastKnownFileType = sourcecode.glsl; name = normals.frag; path = shaders/pixel/normals.frag; sourceTree = SOURCE_ROOT; };
		9542B704203BD8F6002517F9 /* toon.frag */ = {isa = PBXFileReference; fileEncoding = 4; lastKnownFileType = sourcecode.glsl; name = toon.frag; path = shaders/pixel/toon.frag; sourceTree = SOURCE_ROOT; };
		9542B705203C00C7002517F9 /* toon.h */ = {isa = PBXFileReference; fileEncoding = 4; lastKnownFileType = sourcecode.c.h; name = toon.h; path = shaders/pixel/includes/toon.h; sourceTree = SOURCE_ROOT; };
		956A320820252C5800857BC7 /* first_person_camera.cpp */ = {isa = PBXFileReference; fileEncoding = 4; lastKnownFileType = sourcecode.cpp.cpp; name = first_person_camera.cpp; path = scenes/camera/first_person_camera.cpp; sourceTree = SOURCE_ROOT; };
		956A320920252C5800857BC7 /* first_person_camera.h */ = {isa = PBXFileReference; fileEncoding = 4; lastKnownFileType = sourcecode.c.h; name = first_person_camera.h; path = scenes/camera/first_person_camera.h; sourceTree = SOURCE_ROOT; };
		956A320B2025C6B800857BC7 /* stb_image_write.h */ = {isa = PBXFileReference; fileEncoding = 4; lastKnownFileType = sourcecode.c.h; name = stb_image_write.h; path = ogl/textures/stb_image_write.h; sourceTree = SOURCE_ROOT; };
		956A320C20270D9400857BC7 /* lights.h */ = {isa = PBXFileReference; fileEncoding = 4; lastKnownFileType = sourcecode.c.h; name = lights.h; path = shaders/pixel/includes/lights.h; sourceTree = SOURCE_ROOT; };
		956A320E2027932500857BC7 /* forward_renderer.cpp */ = {isa = PBXFileReference; fileEncoding = 4; lastKnownFileType = sourcecode.cpp.cpp; name = forward_renderer.cpp; path = scenes/scene_graph/renderers/forward_renderer.cpp; sourceTree = SOURCE_ROOT; };
		956A320F2027932500857BC7 /* forward_renderer.h */ = {isa = PBXFileReference; fileEncoding = 4; lastKnownFileType = sourcecode.c.h; name = forward_renderer.h; path = scenes/scene_graph/renderers/forward_renderer.h; sourceTree = SOURCE_ROOT; };
		956A32102027932500857BC7 /* pass.cpp */ = {isa = PBXFileReference; fileEncoding = 4; lastKnownFileType = sourcecode.cpp.cpp; name = pass.cpp; path = scenes/scene_graph/renderers/pass.cpp; sourceTree = SOURCE_ROOT; };
		956A32112027932500857BC7 /* pass.h */ = {isa = PBXFileReference; fileEncoding = 4; lastKnownFileType = sourcecode.c.h; name = pass.h; path = scenes/scene_graph/renderers/pass.h; sourceTree = SOURCE_ROOT; };
		956A32152029632000857BC7 /* lights.cpp */ = {isa = PBXFileReference; fileEncoding = 4; lastKnownFileType = sourcecode.cpp.cpp; name = lights.cpp; path = scenes/scene_graph/nodes/lights.cpp; sourceTree = SOURCE_ROOT; };
		956A32162029632000857BC7 /* lights.h */ = {isa = PBXFileReference; fileEncoding = 4; lastKnownFileType = sourcecode.c.h; name = lights.h; path = scenes/scene_graph/nodes/lights.h; sourceTree = SOURCE_ROOT; };
		956A32172029632000857BC7 /* node.cpp */ = {isa = PBXFileReference; fileEncoding = 4; lastKnownFileType = sourcecode.cpp.cpp; name = node.cpp; path = scenes/scene_graph/nodes/node.cpp; sourceTree = SOURCE_ROOT; };
		956A32182029632000857BC7 /* node.h */ = {isa = PBXFileReference; fileEncoding = 4; lastKnownFileType = sourcecode.c.h; name = node.h; path = scenes/scene_graph/nodes/node.h; sourceTree = SOURCE_ROOT; };
		956A321B20296E6100857BC7 /* drawable.cpp */ = {isa = PBXFileReference; fileEncoding = 4; lastKnownFileType = sourcecode.cpp.cpp; name = drawable.cpp; path = scenes/scene_graph/nodes/drawable.cpp; sourceTree = SOURCE_ROOT; };
		956A321C20296E6100857BC7 /* drawable.h */ = {isa = PBXFileReference; fileEncoding = 4; lastKnownFileType = sourcecode.c.h; name = drawable.h; path = scenes/scene_graph/nodes/drawable.h; sourceTree = SOURCE_ROOT; };
		958055E82032956E003D3D04 /* tgen.cpp */ = {isa = PBXFileReference; fileEncoding = 4; lastKnownFileType = sourcecode.cpp.cpp; name = tgen.cpp; path = shapes/shape_utilities/tgen.cpp; sourceTree = SOURCE_ROOT; };
		958055E92032956E003D3D04 /* tgen.h */ = {isa = PBXFileReference; fileEncoding = 4; lastKnownFileType = sourcecode.c.h; name = tgen.h; path = shapes/shape_utilities/tgen.h; sourceTree = SOURCE_ROOT; };
		958055EB2032E8AF003D3D04 /* cry_tangents.h */ = {isa = PBXFileReference; fileEncoding = 4; lastKnownFileType = sourcecode.c.h; name = cry_tangents.h; path = shapes/shape_utilities/cry_tangents.h; sourceTree = SOURCE_ROOT; };
		9596D94B2017FD0E00D5BC04 /* volley */ = {isa = PBXFileReference; explicitFileType = "compiled.mach-o.executable"; includeInIndex = 0; path = volley; sourceTree = BUILT_PRODUCTS_DIR; };
		9596D94E2017FD0E00D5BC04 /* main.cpp */ = {isa = PBXFileReference; lastKnownFileType = sourcecode.cpp.cpp; path = main.cpp; sourceTree = "<group>"; };
		9596D9552017FD7800D5BC04 /* OpenGL.framework */ = {isa = PBXFileReference; lastKnownFileType = wrapper.framework; name = OpenGL.framework; path = System/Library/Frameworks/OpenGL.framework; sourceTree = SDKROOT; };
		9596D9572017FD9100D5BC04 /* SDL2.framework */ = {isa = PBXFileReference; lastKnownFileType = wrapper.framework; name = SDL2.framework; path = ../../../../Library/Frameworks/SDL2.framework; sourceTree = "<group>"; };
		9596D95D201808F500D5BC04 /* GeoFloat.cpp */ = {isa = PBXFileReference; fileEncoding = 4; lastKnownFileType = sourcecode.cpp.cpp; name = GeoFloat.cpp; path = geo/GeoFloat.cpp; sourceTree = SOURCE_ROOT; };
		9596D95E201808F500D5BC04 /* GeoFloat.h */ = {isa = PBXFileReference; fileEncoding = 4; lastKnownFileType = sourcecode.c.h; name = GeoFloat.h; path = geo/GeoFloat.h; sourceTree = SOURCE_ROOT; };
		9596D95F201808F500D5BC04 /* GeoMatrix.cpp */ = {isa = PBXFileReference; fileEncoding = 4; lastKnownFileType = sourcecode.cpp.cpp; name = GeoMatrix.cpp; path = geo/GeoMatrix.cpp; sourceTree = SOURCE_ROOT; };
		9596D960201808F500D5BC04 /* GeoMatrix.h */ = {isa = PBXFileReference; fileEncoding = 4; lastKnownFileType = sourcecode.c.h; name = GeoMatrix.h; path = geo/GeoMatrix.h; sourceTree = SOURCE_ROOT; };
		9596D963201808F500D5BC04 /* GeoQuaternion.cpp */ = {isa = PBXFileReference; fileEncoding = 4; lastKnownFileType = sourcecode.cpp.cpp; name = GeoQuaternion.cpp; path = geo/GeoQuaternion.cpp; sourceTree = SOURCE_ROOT; };
		9596D964201808F500D5BC04 /* GeoQuaternion.h */ = {isa = PBXFileReference; fileEncoding = 4; lastKnownFileType = sourcecode.c.h; name = GeoQuaternion.h; path = geo/GeoQuaternion.h; sourceTree = SOURCE_ROOT; };
		9596D965201808F500D5BC04 /* GeoVector.cpp */ = {isa = PBXFileReference; fileEncoding = 4; lastKnownFileType = sourcecode.cpp.cpp; name = GeoVector.cpp; path = geo/GeoVector.cpp; sourceTree = SOURCE_ROOT; };
		9596D966201808F500D5BC04 /* GeoVector.h */ = {isa = PBXFileReference; fileEncoding = 4; lastKnownFileType = sourcecode.c.h; name = GeoVector.h; path = geo/GeoVector.h; sourceTree = SOURCE_ROOT; };
		9596D96D20180A9F00D5BC04 /* IStringable.h */ = {isa = PBXFileReference; fileEncoding = 4; lastKnownFileType = sourcecode.c.h; name = IStringable.h; path = interfaces/IStringable.h; sourceTree = SOURCE_ROOT; };
		9596D96F2018145D00D5BC04 /* cylinder.cpp */ = {isa = PBXFileReference; fileEncoding = 4; lastKnownFileType = sourcecode.cpp.cpp; name = cylinder.cpp; path = shapes/cylinder.cpp; sourceTree = SOURCE_ROOT; };
		9596D9702018145D00D5BC04 /* cylinder.h */ = {isa = PBXFileReference; fileEncoding = 4; lastKnownFileType = sourcecode.c.h; name = cylinder.h; path = shapes/cylinder.h; sourceTree = SOURCE_ROOT; };
		9596D9712018145D00D5BC04 /* cube.cpp */ = {isa = PBXFileReference; fileEncoding = 4; lastKnownFileType = sourcecode.cpp.cpp; name = cube.cpp; path = shapes/cube.cpp; sourceTree = SOURCE_ROOT; };
		9596D9722018145D00D5BC04 /* cube.h */ = {isa = PBXFileReference; fileEncoding = 4; lastKnownFileType = sourcecode.c.h; name = cube.h; path = shapes/cube.h; sourceTree = SOURCE_ROOT; };
		9596D9732018145D00D5BC04 /* quad.cpp */ = {isa = PBXFileReference; fileEncoding = 4; lastKnownFileType = sourcecode.cpp.cpp; name = quad.cpp; path = shapes/quad.cpp; sourceTree = SOURCE_ROOT; };
		9596D9742018145D00D5BC04 /* quad.h */ = {isa = PBXFileReference; fileEncoding = 4; lastKnownFileType = sourcecode.c.h; name = quad.h; path = shapes/quad.h; sourceTree = SOURCE_ROOT; };
		9596D9752018145D00D5BC04 /* triangle.cpp */ = {isa = PBXFileReference; fileEncoding = 4; lastKnownFileType = sourcecode.cpp.cpp; name = triangle.cpp; path = shapes/triangle.cpp; sourceTree = SOURCE_ROOT; };
		9596D9762018145D00D5BC04 /* triangle.h */ = {isa = PBXFileReference; fileEncoding = 4; lastKnownFileType = sourcecode.c.h; name = triangle.h; path = shapes/triangle.h; sourceTree = SOURCE_ROOT; };
		9596D9772018145D00D5BC04 /* shape.cpp */ = {isa = PBXFileReference; fileEncoding = 4; lastKnownFileType = sourcecode.cpp.cpp; name = shape.cpp; path = shapes/shape.cpp; sourceTree = SOURCE_ROOT; };
		9596D9782018145D00D5BC04 /* shape.h */ = {isa = PBXFileReference; fileEncoding = 4; lastKnownFileType = sourcecode.c.h; name = shape.h; path = shapes/shape.h; sourceTree = SOURCE_ROOT; };
		9596D97F20182F2600D5BC04 /* triple.h */ = {isa = PBXFileReference; fileEncoding = 4; lastKnownFileType = sourcecode.c.h; name = triple.h; path = std/triple.h; sourceTree = SOURCE_ROOT; };
		9596D98020195DCA00D5BC04 /* rounded_cube.cpp */ = {isa = PBXFileReference; fileEncoding = 4; lastKnownFileType = sourcecode.cpp.cpp; name = rounded_cube.cpp; path = shapes/rounded_cube.cpp; sourceTree = SOURCE_ROOT; };
		9596D98120195DCA00D5BC04 /* rounded_cube.h */ = {isa = PBXFileReference; fileEncoding = 4; lastKnownFileType = sourcecode.c.h; name = rounded_cube.h; path = shapes/rounded_cube.h; sourceTree = SOURCE_ROOT; };
		9596D9832019A8D800D5BC04 /* sphere.cpp */ = {isa = PBXFileReference; fileEncoding = 4; lastKnownFileType = sourcecode.cpp.cpp; name = sphere.cpp; path = shapes/sphere.cpp; sourceTree = SOURCE_ROOT; };
		9596D9842019A8D800D5BC04 /* sphere.h */ = {isa = PBXFileReference; fileEncoding = 4; lastKnownFileType = sourcecode.c.h; name = sphere.h; path = shapes/sphere.h; sourceTree = SOURCE_ROOT; };
		9596D9872019C0F500D5BC04 /* ico_sphere.h */ = {isa = PBXFileReference; fileEncoding = 4; lastKnownFileType = sourcecode.c.h; name = ico_sphere.h; path = shapes/shape_utilities/ico_sphere.h; sourceTree = SOURCE_ROOT; };
		9596D98E2019D13E00D5BC04 /* file_io.cpp */ = {isa = PBXFileReference; fileEncoding = 4; lastKnownFileType = sourcecode.cpp.cpp; name = file_io.cpp; path = io/file_io.cpp; sourceTree = SOURCE_ROOT; };
		9596D98F2019D13E00D5BC04 /* file_io.h */ = {isa = PBXFileReference; fileEncoding = 4; lastKnownFileType = sourcecode.c.h; name = file_io.h; path = io/file_io.h; sourceTree = SOURCE_ROOT; };
		9596D9922019D4D600D5BC04 /* string_utils.cpp */ = {isa = PBXFileReference; fileEncoding = 4; lastKnownFileType = sourcecode.cpp.cpp; name = string_utils.cpp; path = string/string_utils.cpp; sourceTree = SOURCE_ROOT; };
		9596D9932019D4D600D5BC04 /* string_utils.h */ = {isa = PBXFileReference; fileEncoding = 4; lastKnownFileType = sourcecode.c.h; name = string_utils.h; path = string/string_utils.h; sourceTree = SOURCE_ROOT; };
		9596D9962019DED300D5BC04 /* helpers.h */ = {isa = PBXFileReference; fileEncoding = 4; lastKnownFileType = sourcecode.c.h; name = helpers.h; path = shaders/includes/helpers.h; sourceTree = SOURCE_ROOT; };
		9596D9972019DED300D5BC04 /* uniforms.h */ = {isa = PBXFileReference; fileEncoding = 4; lastKnownFileType = sourcecode.c.h; name = uniforms.h; path = shaders/includes/uniforms.h; sourceTree = SOURCE_ROOT; };
		9596D9982019DED300D5BC04 /* varying.h */ = {isa = PBXFileReference; fileEncoding = 4; lastKnownFileType = sourcecode.c.h; name = varying.h; path = shaders/includes/varying.h; sourceTree = SOURCE_ROOT; };
		9596D99A2019DEEB00D5BC04 /* fragment_shader_helpers.h */ = {isa = PBXFileReference; fileEncoding = 4; lastKnownFileType = sourcecode.c.h; name = fragment_shader_helpers.h; path = shaders/pixel/includes/fragment_shader_helpers.h; sourceTree = SOURCE_ROOT; };
		9596D99C2019DEEB00D5BC04 /* textures.h */ = {isa = PBXFileReference; fileEncoding = 4; lastKnownFileType = sourcecode.c.h; name = textures.h; path = shaders/pixel/includes/textures.h; sourceTree = SOURCE_ROOT; };
		9596D99E2019DF0E00D5BC04 /* attributes.h */ = {isa = PBXFileReference; fileEncoding = 4; lastKnownFileType = sourcecode.c.h; name = attributes.h; path = shaders/vertex/includes/attributes.h; sourceTree = SOURCE_ROOT; };
		9596D99F2019DF0E00D5BC04 /* vertex_shader_helpers.h */ = {isa = PBXFileReference; fileEncoding = 4; lastKnownFileType = sourcecode.c.h; name = vertex_shader_helpers.h; path = shaders/vertex/includes/vertex_shader_helpers.h; sourceTree = SOURCE_ROOT; };
		9596D9A2201AB05500D5BC04 /* shader_program.cpp */ = {isa = PBXFileReference; fileEncoding = 4; lastKnownFileType = sourcecode.cpp.cpp; name = shader_program.cpp; path = ogl/shaders/shader_program.cpp; sourceTree = SOURCE_ROOT; };
		9596D9A3201AB05500D5BC04 /* shader_program.h */ = {isa = PBXFileReference; fileEncoding = 4; lastKnownFileType = sourcecode.c.h; name = shader_program.h; path = ogl/shaders/shader_program.h; sourceTree = SOURCE_ROOT; };
		9596D9A8201AB05500D5BC04 /* shader.cpp */ = {isa = PBXFileReference; fileEncoding = 4; lastKnownFileType = sourcecode.cpp.cpp; name = shader.cpp; path = ogl/shaders/shader.cpp; sourceTree = SOURCE_ROOT; };
		9596D9A9201AB05500D5BC04 /* shader.h */ = {isa = PBXFileReference; fileEncoding = 4; lastKnownFileType = sourcecode.c.h; name = shader.h; path = ogl/shaders/shader.h; sourceTree = SOURCE_ROOT; };
		9596D9AE201AE76F00D5BC04 /* IHasErrors.cpp */ = {isa = PBXFileReference; fileEncoding = 4; lastKnownFileType = sourcecode.cpp.cpp; name = IHasErrors.cpp; path = interfaces/IHasErrors.cpp; sourceTree = SOURCE_ROOT; };
		9596D9AF201AE76F00D5BC04 /* IHasErrors.h */ = {isa = PBXFileReference; fileEncoding = 4; lastKnownFileType = sourcecode.c.h; name = IHasErrors.h; path = interfaces/IHasErrors.h; sourceTree = SOURCE_ROOT; };
		9596D9B0201AE76F00D5BC04 /* IValidatable.cpp */ = {isa = PBXFileReference; fileEncoding = 4; lastKnownFileType = sourcecode.cpp.cpp; name = IValidatable.cpp; path = interfaces/IValidatable.cpp; sourceTree = SOURCE_ROOT; };
		9596D9B1201AE76F00D5BC04 /* IValidatable.h */ = {isa = PBXFileReference; fileEncoding = 4; lastKnownFileType = sourcecode.c.h; name = IValidatable.h; path = interfaces/IValidatable.h; sourceTree = SOURCE_ROOT; };
		9596D9B5201B02D300D5BC04 /* scene.cpp */ = {isa = PBXFileReference; fileEncoding = 4; lastKnownFileType = sourcecode.cpp.cpp; name = scene.cpp; path = scenes/scene.cpp; sourceTree = SOURCE_ROOT; };
		9596D9B6201B02D300D5BC04 /* scene.h */ = {isa = PBXFileReference; fileEncoding = 4; lastKnownFileType = sourcecode.c.h; name = scene.h; path = scenes/scene.h; sourceTree = SOURCE_ROOT; };
		9596D9B9201B041B00D5BC04 /* shader_cache.cpp */ = {isa = PBXFileReference; fileEncoding = 4; lastKnownFileType = sourcecode.cpp.cpp; name = shader_cache.cpp; path = scenes/shader_cache/shader_cache.cpp; sourceTree = SOURCE_ROOT; };
		9596D9BA201B041B00D5BC04 /* shader_cache.h */ = {isa = PBXFileReference; fileEncoding = 4; lastKnownFileType = sourcecode.c.h; name = shader_cache.h; path = scenes/shader_cache/shader_cache.h; sourceTree = SOURCE_ROOT; };
		9596D9BD201B1D3300D5BC04 /* camera.cpp */ = {isa = PBXFileReference; fileEncoding = 4; lastKnownFileType = sourcecode.cpp.cpp; name = camera.cpp; path = scenes/camera/camera.cpp; sourceTree = SOURCE_ROOT; };
		9596D9BE201B1D3300D5BC04 /* camera.h */ = {isa = PBXFileReference; fileEncoding = 4; lastKnownFileType = sourcecode.c.h; name = camera.h; path = scenes/camera/camera.h; sourceTree = SOURCE_ROOT; };
		9596D9C1201B2DFD00D5BC04 /* texture.cpp */ = {isa = PBXFileReference; fileEncoding = 4; lastKnownFileType = sourcecode.cpp.cpp; name = texture.cpp; path = ogl/textures/texture.cpp; sourceTree = SOURCE_ROOT; };
		9596D9C2201B2DFD00D5BC04 /* texture.h */ = {isa = PBXFileReference; fileEncoding = 4; lastKnownFileType = sourcecode.c.h; name = texture.h; path = ogl/textures/texture.h; sourceTree = SOURCE_ROOT; };
		9596D9C5201B300E00D5BC04 /* color.cpp */ = {isa = PBXFileReference; fileEncoding = 4; lastKnownFileType = sourcecode.cpp.cpp; name = color.cpp; path = colors/color.cpp; sourceTree = SOURCE_ROOT; };
		9596D9C6201B300E00D5BC04 /* color.h */ = {isa = PBXFileReference; fileEncoding = 4; lastKnownFileType = sourcecode.c.h; name = color.h; path = colors/color.h; sourceTree = SOURCE_ROOT; };
		9596D9C9201B31F500D5BC04 /* device.cpp */ = {isa = PBXFileReference; fileEncoding = 4; lastKnownFileType = sourcecode.cpp.cpp; name = device.cpp; path = ogl/device/device.cpp; sourceTree = SOURCE_ROOT; };
		9596D9CA201B31F500D5BC04 /* device.h */ = {isa = PBXFileReference; fileEncoding = 4; lastKnownFileType = sourcecode.c.h; name = device.h; path = ogl/device/device.h; sourceTree = SOURCE_ROOT; };
		9596D9CD201B345100D5BC04 /* capabilities.cpp */ = {isa = PBXFileReference; fileEncoding = 4; lastKnownFileType = sourcecode.cpp.cpp; name = capabilities.cpp; path = ogl/device/capabilities/capabilities.cpp; sourceTree = SOURCE_ROOT; };
		9596D9CE201B345100D5BC04 /* capabilities.h */ = {isa = PBXFileReference; fileEncoding = 4; lastKnownFileType = sourcecode.c.h; name = capabilities.h; path = ogl/device/capabilities/capabilities.h; sourceTree = SOURCE_ROOT; };
		9596D9D1201B347700D5BC04 /* state_manager.cpp */ = {isa = PBXFileReference; fileEncoding = 4; lastKnownFileType = sourcecode.cpp.cpp; name = state_manager.cpp; path = ogl/device/state_manager/state_manager.cpp; sourceTree = SOURCE_ROOT; };
		9596D9D2201B347700D5BC04 /* state_manager.h */ = {isa = PBXFileReference; fileEncoding = 4; lastKnownFileType = sourcecode.c.h; name = state_manager.h; path = ogl/device/state_manager/state_manager.h; sourceTree = SOURCE_ROOT; };
		9596D9D5201C11CD00D5BC04 /* buffer.h */ = {isa = PBXFileReference; fileEncoding = 4; lastKnownFileType = sourcecode.c.h; name = buffer.h; path = ogl/buffers/buffer.h; sourceTree = SOURCE_ROOT; };
		9596D9D6201C11CD00D5BC04 /* buffer.cpp */ = {isa = PBXFileReference; fileEncoding = 4; lastKnownFileType = sourcecode.cpp.cpp; name = buffer.cpp; path = ogl/buffers/buffer.cpp; sourceTree = SOURCE_ROOT; };
		9596D9D8201C260500D5BC04 /* libGLEW.2.1.0.dylib */ = {isa = PBXFileReference; lastKnownFileType = "compiled.mach-o.dylib"; name = libGLEW.2.1.0.dylib; path = ../../../../usr/local/Cellar/glew/2.1.0/lib/libGLEW.2.1.0.dylib; sourceTree = "<group>"; };
		9596D9DB201C27F000D5BC04 /* vertex_buffer.cpp */ = {isa = PBXFileReference; fileEncoding = 4; lastKnownFileType = sourcecode.cpp.cpp; name = vertex_buffer.cpp; path = ogl/buffers/vertex_buffers/vertex_buffer.cpp; sourceTree = SOURCE_ROOT; };
		9596D9DC201C27F000D5BC04 /* vertex_buffer.h */ = {isa = PBXFileReference; fileEncoding = 4; lastKnownFileType = sourcecode.c.h; name = vertex_buffer.h; path = ogl/buffers/vertex_buffers/vertex_buffer.h; sourceTree = SOURCE_ROOT; };
		9596D9DE201C771600D5BC04 /* stb_image.h */ = {isa = PBXFileReference; fileEncoding = 4; lastKnownFileType = sourcecode.c.h; name = stb_image.h; path = ogl/textures/stb_image.h; sourceTree = SOURCE_ROOT; };
		9596D9E0201DA2DA00D5BC04 /* render_target.cpp */ = {isa = PBXFileReference; fileEncoding = 4; lastKnownFileType = sourcecode.cpp.cpp; name = render_target.cpp; path = ogl/render_targets/render_target.cpp; sourceTree = SOURCE_ROOT; };
		9596D9E1201DA2DA00D5BC04 /* render_target.h */ = {isa = PBXFileReference; fileEncoding = 4; lastKnownFileType = sourcecode.c.h; name = render_target.h; path = ogl/render_targets/render_target.h; sourceTree = SOURCE_ROOT; };
		9596D9E4201DAB1400D5BC04 /* texture_cache.cpp */ = {isa = PBXFileReference; fileEncoding = 4; lastKnownFileType = sourcecode.cpp.cpp; name = texture_cache.cpp; path = scenes/texture_cache/texture_cache.cpp; sourceTree = SOURCE_ROOT; };
		9596D9E5201DAB1400D5BC04 /* texture_cache.h */ = {isa = PBXFileReference; fileEncoding = 4; lastKnownFileType = sourcecode.c.h; name = texture_cache.h; path = scenes/texture_cache/texture_cache.h; sourceTree = SOURCE_ROOT; };
		9596D9EC201E7F2800D5BC04 /* material.cpp */ = {isa = PBXFileReference; fileEncoding = 4; lastKnownFileType = sourcecode.cpp.cpp; name = material.cpp; path = scenes/scene_graph/materials/material.cpp; sourceTree = SOURCE_ROOT; };
		9596D9ED201E7F2800D5BC04 /* material.h */ = {isa = PBXFileReference; fileEncoding = 4; lastKnownFileType = sourcecode.c.h; name = material.h; path = scenes/scene_graph/materials/material.h; sourceTree = SOURCE_ROOT; };
		9596D9EF201E92D500D5BC04 /* tangents.cpp */ = {isa = PBXFileReference; fileEncoding = 4; lastKnownFileType = sourcecode.cpp.cpp; name = tangents.cpp; path = shapes/shape_utilities/tangents.cpp; sourceTree = SOURCE_ROOT; };
		9596D9F0201E92D500D5BC04 /* tangents.h */ = {isa = PBXFileReference; fileEncoding = 4; lastKnownFileType = sourcecode.c.h; name = tangents.h; path = shapes/shape_utilities/tangents.h; sourceTree = SOURCE_ROOT; };
		9596D9F2201E97AB00D5BC04 /* debug_lines.cpp */ = {isa = PBXFileReference; fileEncoding = 4; lastKnownFileType = sourcecode.cpp.cpp; name = debug_lines.cpp; path = shapes/shape_utilities/debug_lines.cpp; sourceTree = SOURCE_ROOT; };
		9596D9F3201E97AB00D5BC04 /* debug_lines.h */ = {isa = PBXFileReference; fileEncoding = 4; lastKnownFileType = sourcecode.c.h; name = debug_lines.h; path = shapes/shape_utilities/debug_lines.h; sourceTree = SOURCE_ROOT; };
		9596D9F5201ED74300D5BC04 /* phong.frag */ = {isa = PBXFileReference; fileEncoding = 4; lastKnownFileType = sourcecode.glsl; name = phong.frag; path = shaders/pixel/phong.frag; sourceTree = SOURCE_ROOT; };
		9596D9F6201EECD000D5BC04 /* phong.vert */ = {isa = PBXFileReference; fileEncoding = 4; lastKnownFileType = sourcecode.glsl; name = phong.vert; path = shaders/vertex/phong.vert; sourceTree = SOURCE_ROOT; };
		9596D9F7202112F400D5BC04 /* GeoDefines.h */ = {isa = PBXFileReference; fileEncoding = 4; lastKnownFileType = sourcecode.c.h; name = GeoDefines.h; path = geo/GeoDefines.h; sourceTree = SOURCE_ROOT; };
/* End PBXFileReference section */

/* Begin PBXFrameworksBuildPhase section */
		9596D9482017FD0E00D5BC04 /* Frameworks */ = {
			isa = PBXFrameworksBuildPhase;
			buildActionMask = 2147483647;
			files = (
				9596D9D9201C260500D5BC04 /* libGLEW.2.1.0.dylib in Frameworks */,
				9596D9582017FD9100D5BC04 /* SDL2.framework in Frameworks */,
				9596D9562017FD7800D5BC04 /* OpenGL.framework in Frameworks */,
			);
			runOnlyForDeploymentPostprocessing = 0;
		};
/* End PBXFrameworksBuildPhase section */

/* Begin PBXGroup section */
		9542B6FB203AD728002517F9 /* post_processing */ = {
			isa = PBXGroup;
			children = (
				9542B6FC203AD734002517F9 /* blur */,
			);
			name = post_processing;
			sourceTree = "<group>";
		};
		9542B6FC203AD734002517F9 /* blur */ = {
			isa = PBXGroup;
			children = (
				9542B6FD203AD748002517F9 /* gaussian_blur.cpp */,
				9542B6FE203AD748002517F9 /* gaussian_blur.h */,
			);
			name = blur;
			sourceTree = "<group>";
		};
		956A320D2027930D00857BC7 /* renderers */ = {
			isa = PBXGroup;
			children = (
				956A320E2027932500857BC7 /* forward_renderer.cpp */,
				956A320F2027932500857BC7 /* forward_renderer.h */,
				956A32102027932500857BC7 /* pass.cpp */,
				956A32112027932500857BC7 /* pass.h */,
			);
			name = renderers;
			sourceTree = "<group>";
		};
		956A3214202962C900857BC7 /* nodes */ = {
			isa = PBXGroup;
			children = (
				956A321B20296E6100857BC7 /* drawable.cpp */,
				956A321C20296E6100857BC7 /* drawable.h */,
				956A32152029632000857BC7 /* lights.cpp */,
				956A32162029632000857BC7 /* lights.h */,
				956A32172029632000857BC7 /* node.cpp */,
				956A32182029632000857BC7 /* node.h */,
			);
			name = nodes;
			sourceTree = "<group>";
		};
		9596D9422017FD0E00D5BC04 = {
			isa = PBXGroup;
			children = (
				9596D9D8201C260500D5BC04 /* libGLEW.2.1.0.dylib */,
				9596D9572017FD9100D5BC04 /* SDL2.framework */,
				9596D9552017FD7800D5BC04 /* OpenGL.framework */,
				9596D94D2017FD0E00D5BC04 /* volley */,
				9596D94C2017FD0E00D5BC04 /* Products */,
			);
			sourceTree = "<group>";
		};
		9596D94C2017FD0E00D5BC04 /* Products */ = {
			isa = PBXGroup;
			children = (
				9596D94B2017FD0E00D5BC04 /* volley */,
			);
			name = Products;
			sourceTree = "<group>";
		};
		9596D94D2017FD0E00D5BC04 /* volley */ = {
			isa = PBXGroup;
			children = (
				9542B6FB203AD728002517F9 /* post_processing */,
				9596D9C4201B2FFD00D5BC04 /* colors */,
				9596D9B4201B02B000D5BC04 /* scenes */,
				9596D9A0201AAF5F00D5BC04 /* ogl */,
				9596D9912019D4B600D5BC04 /* string */,
				9596D98D2019D12D00D5BC04 /* io */,
				9596D9882019CA3500D5BC04 /* shaders */,
				9596D97E20182F1700D5BC04 /* std */,
				9596D96E20180EB700D5BC04 /* shapes */,
				9596D96C20180A2D00D5BC04 /* interfaces */,
				9596D9592017FEF500D5BC04 /* geo */,
				9596D94E2017FD0E00D5BC04 /* main.cpp */,
			);
			path = volley;
			sourceTree = "<group>";
		};
		9596D9592017FEF500D5BC04 /* geo */ = {
			isa = PBXGroup;
			children = (
				9596D9F7202112F400D5BC04 /* GeoDefines.h */,
				9596D95D201808F500D5BC04 /* GeoFloat.cpp */,
				9596D95E201808F500D5BC04 /* GeoFloat.h */,
				9596D95F201808F500D5BC04 /* GeoMatrix.cpp */,
				9596D960201808F500D5BC04 /* GeoMatrix.h */,
				9596D963201808F500D5BC04 /* GeoQuaternion.cpp */,
				9596D964201808F500D5BC04 /* GeoQuaternion.h */,
				9596D965201808F500D5BC04 /* GeoVector.cpp */,
				9596D966201808F500D5BC04 /* GeoVector.h */,
			);
			name = geo;
			sourceTree = "<group>";
		};
		9596D96C20180A2D00D5BC04 /* interfaces */ = {
			isa = PBXGroup;
			children = (
				9596D9AE201AE76F00D5BC04 /* IHasErrors.cpp */,
				9596D9AF201AE76F00D5BC04 /* IHasErrors.h */,
				9596D9B0201AE76F00D5BC04 /* IValidatable.cpp */,
				9596D9B1201AE76F00D5BC04 /* IValidatable.h */,
				9596D96D20180A9F00D5BC04 /* IStringable.h */,
			);
			name = interfaces;
			sourceTree = "<group>";
		};
		9596D96E20180EB700D5BC04 /* shapes */ = {
			isa = PBXGroup;
			children = (
				9542B6F320366B98002517F9 /* vertices.cpp */,
				9542B6F420366B98002517F9 /* vertices.h */,
				9596D9862019C0D200D5BC04 /* shape_utilities */,
				9596D9832019A8D800D5BC04 /* sphere.cpp */,
				9596D9842019A8D800D5BC04 /* sphere.h */,
				9596D98020195DCA00D5BC04 /* rounded_cube.cpp */,
				9596D98120195DCA00D5BC04 /* rounded_cube.h */,
				9596D96F2018145D00D5BC04 /* cylinder.cpp */,
				9596D9702018145D00D5BC04 /* cylinder.h */,
				9596D9712018145D00D5BC04 /* cube.cpp */,
				9596D9722018145D00D5BC04 /* cube.h */,
				9596D9732018145D00D5BC04 /* quad.cpp */,
				9596D9742018145D00D5BC04 /* quad.h */,
				9596D9752018145D00D5BC04 /* triangle.cpp */,
				9596D9762018145D00D5BC04 /* triangle.h */,
				9596D9772018145D00D5BC04 /* shape.cpp */,
				9596D9782018145D00D5BC04 /* shape.h */,
			);
			name = shapes;
			sourceTree = "<group>";
		};
		9596D97E20182F1700D5BC04 /* std */ = {
			isa = PBXGroup;
			children = (
				9596D97F20182F2600D5BC04 /* triple.h */,
			);
			name = std;
			sourceTree = "<group>";
		};
		9596D9862019C0D200D5BC04 /* shape_utilities */ = {
			isa = PBXGroup;
			children = (
				958055EB2032E8AF003D3D04 /* cry_tangents.h */,
				958055E82032956E003D3D04 /* tgen.cpp */,
				958055E92032956E003D3D04 /* tgen.h */,
				9596D9F2201E97AB00D5BC04 /* debug_lines.cpp */,
				9596D9F3201E97AB00D5BC04 /* debug_lines.h */,
				9596D9EF201E92D500D5BC04 /* tangents.cpp */,
				9596D9F0201E92D500D5BC04 /* tangents.h */,
				9596D9872019C0F500D5BC04 /* ico_sphere.h */,
			);
			name = shape_utilities;
			sourceTree = "<group>";
		};
		9596D9882019CA3500D5BC04 /* shaders */ = {
			isa = PBXGroup;
			children = (
				9596D9952019DEC100D5BC04 /* includes */,
				9596D98A2019CA4800D5BC04 /* pixel */,
				9596D9892019CA3B00D5BC04 /* vertex */,
			);
			name = shaders;
			sourceTree = "<group>";
		};
		9596D9892019CA3B00D5BC04 /* vertex */ = {
			isa = PBXGroup;
			children = (
				9542B702203AD781002517F9 /* simple.vert */,
				9542B6F62037AD8C002517F9 /* hud.vert */,
				9596D9F6201EECD000D5BC04 /* phong.vert */,
				9596D99D2019DEF100D5BC04 /* includes */,
			);
			name = vertex;
			sourceTree = "<group>";
		};
		9596D98A2019CA4800D5BC04 /* pixel */ = {
			isa = PBXGroup;
			children = (
				9542B703203BD8F6002517F9 /* normals.frag */,
				9542B704203BD8F6002517F9 /* toon.frag */,
				9542B701203AD772002517F9 /* edge_detect.frag */,
				9542B6F72037ADC1002517F9 /* hud.frag */,
				9596D9F5201ED74300D5BC04 /* phong.frag */,
				9596D9992019DEDA00D5BC04 /* includes */,
			);
			name = pixel;
			sourceTree = "<group>";
		};
		9596D98D2019D12D00D5BC04 /* io */ = {
			isa = PBXGroup;
			children = (
				9596D98E2019D13E00D5BC04 /* file_io.cpp */,
				9596D98F2019D13E00D5BC04 /* file_io.h */,
			);
			name = io;
			sourceTree = "<group>";
		};
		9596D9912019D4B600D5BC04 /* string */ = {
			isa = PBXGroup;
			children = (
				9596D9922019D4D600D5BC04 /* string_utils.cpp */,
				9596D9932019D4D600D5BC04 /* string_utils.h */,
			);
			name = string;
			sourceTree = "<group>";
		};
		9596D9952019DEC100D5BC04 /* includes */ = {
			isa = PBXGroup;
			children = (
				9596D9962019DED300D5BC04 /* helpers.h */,
				9596D9972019DED300D5BC04 /* uniforms.h */,
				9596D9982019DED300D5BC04 /* varying.h */,
			);
			name = includes;
			sourceTree = "<group>";
		};
		9596D9992019DEDA00D5BC04 /* includes */ = {
			isa = PBXGroup;
			children = (
				9542B705203C00C7002517F9 /* toon.h */,
				9542B700203AD764002517F9 /* edge_detection.h */,
				956A320C20270D9400857BC7 /* lights.h */,
				9596D99A2019DEEB00D5BC04 /* fragment_shader_helpers.h */,
				9596D99C2019DEEB00D5BC04 /* textures.h */,
			);
			name = includes;
			sourceTree = "<group>";
		};
		9596D99D2019DEF100D5BC04 /* includes */ = {
			isa = PBXGroup;
			children = (
				9596D99E2019DF0E00D5BC04 /* attributes.h */,
				9596D99F2019DF0E00D5BC04 /* vertex_shader_helpers.h */,
			);
			name = includes;
			sourceTree = "<group>";
		};
		9596D9A0201AAF5F00D5BC04 /* ogl */ = {
			isa = PBXGroup;
			children = (
				9596D9DF201DA2C100D5BC04 /* render_target */,
				9596D9D4201C119500D5BC04 /* buffers */,
				9596D9C8201B31C900D5BC04 /* device */,
				9596D9C0201B2DE800D5BC04 /* textures */,
				9596D9A1201AAF6500D5BC04 /* shaders */,
			);
			name = ogl;
			sourceTree = "<group>";
		};
		9596D9A1201AAF6500D5BC04 /* shaders */ = {
			isa = PBXGroup;
			children = (
				9596D9A2201AB05500D5BC04 /* shader_program.cpp */,
				9596D9A3201AB05500D5BC04 /* shader_program.h */,
				9596D9A8201AB05500D5BC04 /* shader.cpp */,
				9596D9A9201AB05500D5BC04 /* shader.h */,
			);
			name = shaders;
			sourceTree = "<group>";
		};
		9596D9B4201B02B000D5BC04 /* scenes */ = {
			isa = PBXGroup;
			children = (
				9596D9E7201DD32400D5BC04 /* scene_graph */,
				9596D9E3201DAACD00D5BC04 /* texture_cache */,
				9596D9BC201B1D2300D5BC04 /* camera */,
				9596D9B8201B03D600D5BC04 /* shader_cache */,
				9596D9B5201B02D300D5BC04 /* scene.cpp */,
				9596D9B6201B02D300D5BC04 /* scene.h */,
			);
			name = scenes;
			sourceTree = "<group>";
		};
		9596D9B8201B03D600D5BC04 /* shader_cache */ = {
			isa = PBXGroup;
			children = (
				9596D9B9201B041B00D5BC04 /* shader_cache.cpp */,
				9596D9BA201B041B00D5BC04 /* shader_cache.h */,
			);
			name = shader_cache;
			sourceTree = "<group>";
		};
		9596D9BC201B1D2300D5BC04 /* camera */ = {
			isa = PBXGroup;
			children = (
				9542B6F82037C1D0002517F9 /* hud_camera.cpp */,
				9542B6F92037C1D0002517F9 /* hud_camera.h */,
				956A320820252C5800857BC7 /* first_person_camera.cpp */,
				956A320920252C5800857BC7 /* first_person_camera.h */,
				9596D9BD201B1D3300D5BC04 /* camera.cpp */,
				9596D9BE201B1D3300D5BC04 /* camera.h */,
			);
			name = camera;
			sourceTree = "<group>";
		};
		9596D9C0201B2DE800D5BC04 /* textures */ = {
			isa = PBXGroup;
			children = (
				956A320B2025C6B800857BC7 /* stb_image_write.h */,
				9596D9DE201C771600D5BC04 /* stb_image.h */,
				9596D9C1201B2DFD00D5BC04 /* texture.cpp */,
				9596D9C2201B2DFD00D5BC04 /* texture.h */,
			);
			name = textures;
			sourceTree = "<group>";
		};
		9596D9C4201B2FFD00D5BC04 /* colors */ = {
			isa = PBXGroup;
			children = (
				9596D9C5201B300E00D5BC04 /* color.cpp */,
				9596D9C6201B300E00D5BC04 /* color.h */,
			);
			name = colors;
			sourceTree = "<group>";
		};
		9596D9C8201B31C900D5BC04 /* device */ = {
			isa = PBXGroup;
			children = (
				9596D9D0201B345B00D5BC04 /* state_manager */,
				9596D9CC201B343D00D5BC04 /* capabilities */,
				9596D9C9201B31F500D5BC04 /* device.cpp */,
				9596D9CA201B31F500D5BC04 /* device.h */,
			);
			name = device;
			sourceTree = "<group>";
		};
		9596D9CC201B343D00D5BC04 /* capabilities */ = {
			isa = PBXGroup;
			children = (
				9596D9CD201B345100D5BC04 /* capabilities.cpp */,
				9596D9CE201B345100D5BC04 /* capabilities.h */,
			);
			name = capabilities;
			sourceTree = "<group>";
		};
		9596D9D0201B345B00D5BC04 /* state_manager */ = {
			isa = PBXGroup;
			children = (
				9596D9D1201B347700D5BC04 /* state_manager.cpp */,
				9596D9D2201B347700D5BC04 /* state_manager.h */,
			);
			name = state_manager;
			sourceTree = "<group>";
		};
		9596D9D4201C119500D5BC04 /* buffers */ = {
			isa = PBXGroup;
			children = (
				9596D9DA201C27D000D5BC04 /* vertex_buffers */,
				9596D9D5201C11CD00D5BC04 /* buffer.h */,
				9596D9D6201C11CD00D5BC04 /* buffer.cpp */,
			);
			name = buffers;
			sourceTree = "<group>";
		};
		9596D9DA201C27D000D5BC04 /* vertex_buffers */ = {
			isa = PBXGroup;
			children = (
				9596D9DB201C27F000D5BC04 /* vertex_buffer.cpp */,
				9596D9DC201C27F000D5BC04 /* vertex_buffer.h */,
			);
			name = vertex_buffers;
			sourceTree = "<group>";
		};
		9596D9DF201DA2C100D5BC04 /* render_target */ = {
			isa = PBXGroup;
			children = (
				9596D9E0201DA2DA00D5BC04 /* render_target.cpp */,
				9596D9E1201DA2DA00D5BC04 /* render_target.h */,
			);
			name = render_target;
			sourceTree = "<group>";
		};
		9596D9E3201DAACD00D5BC04 /* texture_cache */ = {
			isa = PBXGroup;
			children = (
				9596D9E4201DAB1400D5BC04 /* texture_cache.cpp */,
				9596D9E5201DAB1400D5BC04 /* texture_cache.h */,
			);
			name = texture_cache;
			sourceTree = "<group>";
		};
		9596D9E7201DD32400D5BC04 /* scene_graph */ = {
			isa = PBXGroup;
			children = (
				956A3214202962C900857BC7 /* nodes */,
				956A320D2027930D00857BC7 /* renderers */,
				9596D9EB201E7F0600D5BC04 /* materials */,
			);
			name = scene_graph;
			sourceTree = "<group>";
		};
		9596D9EB201E7F0600D5BC04 /* materials */ = {
			isa = PBXGroup;
			children = (
				9596D9EC201E7F2800D5BC04 /* material.cpp */,
				9596D9ED201E7F2800D5BC04 /* material.h */,
			);
			name = materials;
			sourceTree = "<group>";
		};
/* End PBXGroup section */

/* Begin PBXNativeTarget section */
		9596D94A2017FD0E00D5BC04 /* volley */ = {
			isa = PBXNativeTarget;
			buildConfigurationList = 9596D9522017FD0E00D5BC04 /* Build configuration list for PBXNativeTarget "volley" */;
			buildPhases = (
				9596D9472017FD0E00D5BC04 /* Sources */,
				9596D9482017FD0E00D5BC04 /* Frameworks */,
				9596D9492017FD0E00D5BC04 /* CopyFiles */,
			);
			buildRules = (
			);
			dependencies = (
			);
			name = volley;
			productName = volley;
			productReference = 9596D94B2017FD0E00D5BC04 /* volley */;
			productType = "com.apple.product-type.tool";
		};
/* End PBXNativeTarget section */

/* Begin PBXProject section */
		9596D9432017FD0E00D5BC04 /* Project object */ = {
			isa = PBXProject;
			attributes = {
				LastUpgradeCheck = 0720;
				ORGANIZATIONNAME = "Misha Conway";
				TargetAttributes = {
					9596D94A2017FD0E00D5BC04 = {
						CreatedOnToolsVersion = 7.2.1;
					};
				};
			};
			buildConfigurationList = 9596D9462017FD0E00D5BC04 /* Build configuration list for PBXProject "volley" */;
			compatibilityVersion = "Xcode 3.2";
			developmentRegion = English;
			hasScannedForEncodings = 0;
			knownRegions = (
				en,
			);
			mainGroup = 9596D9422017FD0E00D5BC04;
			productRefGroup = 9596D94C2017FD0E00D5BC04 /* Products */;
			projectDirPath = "";
			projectRoot = "";
			targets = (
				9596D94A2017FD0E00D5BC04 /* volley */,
			);
		};
/* End PBXProject section */

/* Begin PBXSourcesBuildPhase section */
		9596D9472017FD0E00D5BC04 /* Sources */ = {
			isa = PBXSourcesBuildPhase;
			buildActionMask = 2147483647;
			files = (
				9596D9D7201C11CD00D5BC04 /* buffer.cpp in Sources */,
				9596D96B201808F500D5BC04 /* GeoVector.cpp in Sources */,
				956A321A2029632000857BC7 /* node.cpp in Sources */,
				956A321D20296E6100857BC7 /* drawable.cpp in Sources */,
				9596D9B2201AE76F00D5BC04 /* IHasErrors.cpp in Sources */,
				9596D968201808F500D5BC04 /* GeoMatrix.cpp in Sources */,
				9596D9CB201B31F500D5BC04 /* device.cpp in Sources */,
				9596D9DD201C27F000D5BC04 /* vertex_buffer.cpp in Sources */,
				9596D9BB201B041B00D5BC04 /* shader_cache.cpp in Sources */,
				9596D9902019D13E00D5BC04 /* file_io.cpp in Sources */,
				956A32192029632000857BC7 /* lights.cpp in Sources */,
				9596D96A201808F500D5BC04 /* GeoQuaternion.cpp in Sources */,
				9596D9F4201E97AB00D5BC04 /* debug_lines.cpp in Sources */,
				9596D9792018145D00D5BC04 /* cylinder.cpp in Sources */,
				9542B6FF203AD748002517F9 /* gaussian_blur.cpp in Sources */,
				9596D9BF201B1D3300D5BC04 /* camera.cpp in Sources */,
				956A32122027932500857BC7 /* forward_renderer.cpp in Sources */,
				9596D9D3201B347700D5BC04 /* state_manager.cpp in Sources */,
				9596D9EE201E7F2800D5BC04 /* material.cpp in Sources */,
				956A320A20252C5800857BC7 /* first_person_camera.cpp in Sources */,
				9596D9B7201B02D300D5BC04 /* scene.cpp in Sources */,
				9596D97C2018145D00D5BC04 /* triangle.cpp in Sources */,
				9596D9F1201E92D500D5BC04 /* tangents.cpp in Sources */,
				9596D97D2018145D00D5BC04 /* shape.cpp in Sources */,
				958055EA2032956E003D3D04 /* tgen.cpp in Sources */,
				9596D9852019A8D800D5BC04 /* sphere.cpp in Sources */,
				9596D97B2018145D00D5BC04 /* quad.cpp in Sources */,
				9542B6FA2037C1D0002517F9 /* hud_camera.cpp in Sources */,
				9542B6F520366B98002517F9 /* vertices.cpp in Sources */,
				9596D9AA201AB05500D5BC04 /* shader_program.cpp in Sources */,
				9596D9C7201B300E00D5BC04 /* color.cpp in Sources */,
				9596D9AD201AB05500D5BC04 /* shader.cpp in Sources */,
				9596D9CF201B345100D5BC04 /* capabilities.cpp in Sources */,
				9596D967201808F500D5BC04 /* GeoFloat.cpp in Sources */,
				9596D9942019D4D600D5BC04 /* string_utils.cpp in Sources */,
				9596D94F2017FD0E00D5BC04 /* main.cpp in Sources */,
				9596D98220195DCA00D5BC04 /* rounded_cube.cpp in Sources */,
				9596D97A2018145D00D5BC04 /* cube.cpp in Sources */,
				9596D9E6201DAB1400D5BC04 /* texture_cache.cpp in Sources */,
				9596D9B3201AE76F00D5BC04 /* IValidatable.cpp in Sources */,
				9596D9E2201DA2DA00D5BC04 /* render_target.cpp in Sources */,
				956A32132027932500857BC7 /* pass.cpp in Sources */,
				9596D9C3201B2DFD00D5BC04 /* texture.cpp in Sources */,
			);
			runOnlyForDeploymentPostprocessing = 0;
		};
/* End PBXSourcesBuildPhase section */

/* Begin XCBuildConfiguration section */
		9596D9502017FD0E00D5BC04 /* Debug */ = {
			isa = XCBuildConfiguration;
			buildSettings = {
				ALWAYS_SEARCH_USER_PATHS = NO;
				CLANG_CXX_LANGUAGE_STANDARD = "gnu++0x";
				CLANG_CXX_LIBRARY = "libc++";
				CLANG_ENABLE_MODULES = YES;
				CLANG_ENABLE_OBJC_ARC = YES;
				CLANG_WARN_BOOL_CONVERSION = YES;
				CLANG_WARN_CONSTANT_CONVERSION = YES;
				CLANG_WARN_DIRECT_OBJC_ISA_USAGE = YES_ERROR;
				CLANG_WARN_EMPTY_BODY = YES;
				CLANG_WARN_ENUM_CONVERSION = YES;
				CLANG_WARN_INT_CONVERSION = YES;
				CLANG_WARN_OBJC_ROOT_CLASS = YES_ERROR;
				CLANG_WARN_UNREACHABLE_CODE = YES;
				CLANG_WARN__DUPLICATE_METHOD_MATCH = YES;
				CODE_SIGN_IDENTITY = "-";
				COPY_PHASE_STRIP = NO;
				DEBUG_INFORMATION_FORMAT = dwarf;
				ENABLE_STRICT_OBJC_MSGSEND = YES;
				ENABLE_TESTABILITY = YES;
				GCC_C_LANGUAGE_STANDARD = gnu99;
				GCC_DYNAMIC_NO_PIC = NO;
				GCC_NO_COMMON_BLOCKS = YES;
				GCC_OPTIMIZATION_LEVEL = 0;
				GCC_PREPROCESSOR_DEFINITIONS = (
					"DEBUG=1",
					"$(inherited)",
				);
				GCC_WARN_64_TO_32_BIT_CONVERSION = YES;
				GCC_WARN_ABOUT_RETURN_TYPE = YES_ERROR;
				GCC_WARN_UNDECLARED_SELECTOR = YES;
				GCC_WARN_UNINITIALIZED_AUTOS = YES_AGGRESSIVE;
				GCC_WARN_UNUSED_FUNCTION = YES;
				GCC_WARN_UNUSED_VARIABLE = YES;
				MACOSX_DEPLOYMENT_TARGET = 10.10;
				MTL_ENABLE_DEBUG_INFO = YES;
				ONLY_ACTIVE_ARCH = YES;
				SDKROOT = macosx;
			};
			name = Debug;
		};
		9596D9512017FD0E00D5BC04 /* Release */ = {
			isa = XCBuildConfiguration;
			buildSettings = {
				ALWAYS_SEARCH_USER_PATHS = NO;
				CLANG_CXX_LANGUAGE_STANDARD = "gnu++0x";
				CLANG_CXX_LIBRARY = "libc++";
				CLANG_ENABLE_MODULES = YES;
				CLANG_ENABLE_OBJC_ARC = YES;
				CLANG_WARN_BOOL_CONVERSION = YES;
				CLANG_WARN_CONSTANT_CONVERSION = YES;
				CLANG_WARN_DIRECT_OBJC_ISA_USAGE = YES_ERROR;
				CLANG_WARN_EMPTY_BODY = YES;
				CLANG_WARN_ENUM_CONVERSION = YES;
				CLANG_WARN_INT_CONVERSION = YES;
				CLANG_WARN_OBJC_ROOT_CLASS = YES_ERROR;
				CLANG_WARN_UNREACHABLE_CODE = YES;
				CLANG_WARN__DUPLICATE_METHOD_MATCH = YES;
				CODE_SIGN_IDENTITY = "-";
				COPY_PHASE_STRIP = NO;
				DEBUG_INFORMATION_FORMAT = "dwarf-with-dsym";
				ENABLE_NS_ASSERTIONS = NO;
				ENABLE_STRICT_OBJC_MSGSEND = YES;
				GCC_C_LANGUAGE_STANDARD = gnu99;
				GCC_NO_COMMON_BLOCKS = YES;
				GCC_WARN_64_TO_32_BIT_CONVERSION = YES;
				GCC_WARN_ABOUT_RETURN_TYPE = YES_ERROR;
				GCC_WARN_UNDECLARED_SELECTOR = YES;
				GCC_WARN_UNINITIALIZED_AUTOS = YES_AGGRESSIVE;
				GCC_WARN_UNUSED_FUNCTION = YES;
				GCC_WARN_UNUSED_VARIABLE = YES;
				MACOSX_DEPLOYMENT_TARGET = 10.10;
				MTL_ENABLE_DEBUG_INFO = NO;
				SDKROOT = macosx;
			};
			name = Release;
		};
		9596D9532017FD0E00D5BC04 /* Debug */ = {
			isa = XCBuildConfiguration;
			buildSettings = {
				FRAMEWORK_SEARCH_PATHS = (
					"$(inherited)",
					"$(LOCAL_LIBRARY_DIR)/Frameworks",
				);
				LIBRARY_SEARCH_PATHS = (
					"$(inherited)",
					/usr/local/Cellar/glew/2.1.0/lib,
				);
				PRODUCT_NAME = "$(TARGET_NAME)";
				"USER_HEADER_SEARCH_PATHS[arch=*]" = /usr/local/Cellar/glew/2.1.0/include/GL;
			};
			name = Debug;
		};
		9596D9542017FD0E00D5BC04 /* Release */ = {
			isa = XCBuildConfiguration;
			buildSettings = {
				FRAMEWORK_SEARCH_PATHS = (
					"$(inherited)",
					"$(LOCAL_LIBRARY_DIR)/Frameworks",
				);
				LIBRARY_SEARCH_PATHS = (
					"$(inherited)",
					/usr/local/Cellar/glew/2.1.0/lib,
				);
				PRODUCT_NAME = "$(TARGET_NAME)";
				"USER_HEADER_SEARCH_PATHS[arch=*]" = /usr/local/Cellar/glew/2.1.0/include/GL;
			};
			name = Release;
		};
/* End XCBuildConfiguration section */

/* Begin XCConfigurationList section */
		9596D9462017FD0E00D5BC04 /* Build configuration list for PBXProject "volley" */ = {
			isa = XCConfigurationList;
			buildConfigurations = (
				9596D9502017FD0E00D5BC04 /* Debug */,
				9596D9512017FD0E00D5BC04 /* Release */,
			);
			defaultConfigurationIsVisible = 0;
			defaultConfigurationName = Release;
		};
		9596D9522017FD0E00D5BC04 /* Build configuration list for PBXNativeTarget "volley" */ = {
			isa = XCConfigurationList;
			buildConfigurations = (
				9596D9532017FD0E00D5BC04 /* Debug */,
				9596D9542017FD0E00D5BC04 /* Release */,
			);
			defaultConfigurationIsVisible = 0;
			defaultConfigurationName = Release;
		};
/* End XCConfigurationList section */
	};
	rootObject = 9596D9432017FD0E00D5BC04 /* Project object */;
}
